dependencies:
  espressif/cmake_utilities:
    component_hash: 351350613ceafba240b761b4ea991e0f231ac7a9f59a9ee901f751bddc0bb18f
    dependencies:
    - name: idf
      require: private
      version: '>=4.1'
    source:
      registry_url: https://components.espressif.com/
      type: service
    version: 0.5.3
  idf:
    source:
      type: idf
    version: 5.5.1
  lvgl/lvgl:
    component_hash: d7c1ac037ae6e85d94897f807d6e7ba0946a83e720074fc95a4f6241da9f9f53
    dependencies: []
    source:
      registry_url: https://components.espressif.com/
      type: service
    version: 8.4.0
direct_dependencies:
- espressif/cmake_utilities
- idf
- lvgl/lvgl
manifest_hash: 289b4cc9c7fbbedf9e065eeb977f9a0eefecd5baf49dc55e71abbdc53d46017a
target: esp32
version: 2.0.0
